
Microsoft Visual Studio Solution File, Format Version 12.00
# Visual Studio Version 17
VisualStudioVersion = 17.4.33122.133
MinimumVisualStudioVersion = 10.0.40219.1
Project("{2150E333-8FDC-42A3-9474-1A3956D46DE8}") = "src", "src", "{7ED14D1A-A758-41DB-ACCA-1917FE909102}"
EndProject
Project("{9A19103F-16F7-4668-BE54-9A1E7A4F7556}") = "RPS.API", "src\RPS.API\RPS.API.csproj", "{7C48D2F5-DCE9-4FE4-B436-E7811317E422}"
EndProject
Project("{9A19103F-16F7-4668-BE54-9A1E7A4F7556}") = "RPS.Application", "src\RPS.Application\RPS.Application.csproj", "{5228C470-F717-49D3-A933-9C311B05F992}"
EndProject
Project("{9A19103F-16F7-4668-BE54-9A1E7A4F7556}") = "RPS.Core", "src\RPS.Core\RPS.Core.csproj", "{BE9205BD-155A-4820-988C-E8CCF2B4328B}"
EndProject
Project("{9A19103F-16F7-4668-BE54-9A1E7A4F7556}") = "RPS.DataAccess", "src\RPS.DataAccess\RPS.DataAccess.csproj", "{92633D55-4F04-444A-968D-11BB1AC9BC2C}"
EndProject
Project("{2150E333-8FDC-42A3-9474-1A3956D46DE8}") = "tests", "tests", "{6F7399F5-3639-4087-9B7E-EDB940CD7939}"
EndProject
Project("{9A19103F-16F7-4668-BE54-9A1E7A4F7556}") = "RPS.UnitTests", "tests\RPS.UnitTests\RPS.UnitTests.csproj", "{95C3E0D0-7FB8-4278-ADEB-F08EB6E93440}"
EndProject
Global
	GlobalSection(SolutionConfigurationPlatforms) = preSolution
		Debug|Any CPU = Debug|Any CPU
		Release|Any CPU = Release|Any CPU
	EndGlobalSection
	GlobalSection(ProjectConfigurationPlatforms) = postSolution
		{7C48D2F5-DCE9-4FE4-B436-E7811317E422}.Debug|Any CPU.ActiveCfg = Debug|Any CPU
		{7C48D2F5-DCE9-4FE4-B436-E7811317E422}.Debug|Any CPU.Build.0 = Debug|Any CPU
		{7C48D2F5-DCE9-4FE4-B436-E7811317E422}.Release|Any CPU.ActiveCfg = Release|Any CPU
		{7C48D2F5-DCE9-4FE4-B436-E7811317E422}.Release|Any CPU.Build.0 = Release|Any CPU
		{5228C470-F717-49D3-A933-9C311B05F992}.Debug|Any CPU.ActiveCfg = Debug|Any CPU
		{5228C470-F717-49D3-A933-9C311B05F992}.Debug|Any CPU.Build.0 = Debug|Any CPU
		{5228C470-F717-49D3-A933-9C311B05F992}.Release|Any CPU.ActiveCfg = Release|Any CPU
		{5228C470-F717-49D3-A933-9C311B05F992}.Release|Any CPU.Build.0 = Release|Any CPU
		{BE9205BD-155A-4820-988C-E8CCF2B4328B}.Debug|Any CPU.ActiveCfg = Debug|Any CPU
		{BE9205BD-155A-4820-988C-E8CCF2B4328B}.Debug|Any CPU.Build.0 = Debug|Any CPU
		{BE9205BD-155A-4820-988C-E8CCF2B4328B}.Release|Any CPU.ActiveCfg = Release|Any CPU
		{BE9205BD-155A-4820-988C-E8CCF2B4328B}.Release|Any CPU.Build.0 = Release|Any CPU
		{92633D55-4F04-444A-968D-11BB1AC9BC2C}.Debug|Any CPU.ActiveCfg = Debug|Any CPU
		{92633D55-4F04-444A-968D-11BB1AC9BC2C}.Debug|Any CPU.Build.0 = Debug|Any CPU
		{92633D55-4F04-444A-968D-11BB1AC9BC2C}.Release|Any CPU.ActiveCfg = Release|Any CPU
		{92633D55-4F04-444A-968D-11BB1AC9BC2C}.Release|Any CPU.Build.0 = Release|Any CPU
		{95C3E0D0-7FB8-4278-ADEB-F08EB6E93440}.Debug|Any CPU.ActiveCfg = Debug|Any CPU
		{95C3E0D0-7FB8-4278-ADEB-F08EB6E93440}.Debug|Any CPU.Build.0 = Debug|Any CPU
		{95C3E0D0-7FB8-4278-ADEB-F08EB6E93440}.Release|Any CPU.ActiveCfg = Release|Any CPU
		{95C3E0D0-7FB8-4278-ADEB-F08EB6E93440}.Release|Any CPU.Build.0 = Release|Any CPU
	EndGlobalSection
	GlobalSection(SolutionProperties) = preSolution
		HideSolutionNode = FALSE
	EndGlobalSection
	GlobalSection(NestedProjects) = preSolution
		{7C48D2F5-DCE9-4FE4-B436-E7811317E422} = {7ED14D1A-A758-41DB-ACCA-1917FE909102}
		{5228C470-F717-49D3-A933-9C311B05F992} = {7ED14D1A-A758-41DB-ACCA-1917FE909102}
		{BE9205BD-155A-4820-988C-E8CCF2B4328B} = {7ED14D1A-A758-41DB-ACCA-1917FE909102}
		{92633D55-4F04-444A-968D-11BB1AC9BC2C} = {7ED14D1A-A758-41DB-ACCA-1917FE909102}
		{95C3E0D0-7FB8-4278-ADEB-F08EB6E93440} = {6F7399F5-3639-4087-9B7E-EDB940CD7939}
	EndGlobalSection
	GlobalSection(ExtensibilityGlobals) = postSolution
		SolutionGuid = {330BD50E-D6E2-49BE-890F-2BA859172C9D}
	EndGlobalSection
EndGlobal
